[[package]]
category = "main"
description = "Asyncio support for PEP-567 contextvars backport."
marker = "python_version < \"3.7\""
name = "aiocontextvars"
optional = false
python-versions = ">=3.5"
version = "0.2.2"

[package.dependencies]
[package.dependencies.contextvars]
python = "<3.7"
version = "2.4"

[[package]]
category = "main"
description = "Base58 and Base58Check implementation"
name = "base58"
optional = false
python-versions = "*"
version = "1.0.3"

[[package]]
category = "main"
description = "Python package for providing Mozilla's CA Bundle."
name = "certifi"
optional = false
python-versions = "*"
version = "2019.11.28"

[[package]]
category = "main"
description = "Universal encoding detector for Python 2 and 3"
name = "chardet"
optional = false
python-versions = "*"
version = "3.0.4"

[[package]]
category = "main"
description = "Cross-platform colored terminal text."
marker = "sys_platform == \"win32\""
name = "colorama"
optional = false
python-versions = ">=2.7, !=3.0.*, !=3.1.*, !=3.2.*, !=3.3.*, !=3.4.*"
version = "0.4.3"

[[package]]
category = "main"
description = "Python toolkit for Conseil blockchain indexer"
name = "conseil"
optional = false
python-versions = ">=3.6,<4.0"
version = "0.1.4"

[package.dependencies]
requests = "*"

[[package]]
category = "main"
description = "PEP 567 Backport"
marker = "python_version < \"3.7\""
name = "contextvars"
optional = false
python-versions = "*"
version = "2.4"

[package.dependencies]
immutables = ">=0.9"

[[package]]
category = "main"
description = "A library for automatically generating command line interfaces."
name = "fire"
optional = false
python-versions = "*"
version = "0.2.1"

[package.dependencies]
six = "*"
termcolor = "*"

[[package]]
category = "main"
description = "Internationalized Domain Names in Applications (IDNA)"
name = "idna"
optional = false
python-versions = ">=2.7, !=3.0.*, !=3.1.*, !=3.2.*, !=3.3.*"
version = "2.8"

[[package]]
category = "main"
description = "Immutable Collections"
marker = "python_version < \"3.7\""
name = "immutables"
optional = false
python-versions = "*"
version = "0.11"

[[package]]
category = "main"
description = "Diff JSON and JSON-like structures in Python"
name = "jsondiff"
optional = false
python-versions = "*"
version = "1.2.0"

[[package]]
category = "main"
description = "Python logging made (stupidly) simple"
name = "loguru"
optional = false
python-versions = ">=3.5"
version = "0.4.0"

[package.dependencies]
colorama = ">=0.3.4"
win32-setctime = ">=1.0.0"

[package.dependencies.aiocontextvars]
python = "<3.7"
version = ">=0.2.0"

[[package]]
category = "main"
description = "Implementation of Bitcoin BIP-0039"
name = "mnemonic"
optional = false
python-versions = "*"
version = "0.19"

[[package]]
category = "main"
description = "Packed binary data for networking."
name = "netstruct"
optional = false
python-versions = "*"
version = "1.1.2"

[[package]]
category = "main"
description = "Python datetimes made easy"
name = "pendulum"
optional = false
python-versions = ">=2.7, !=3.0.*, !=3.1.*, !=3.2.*, !=3.3.*"
version = "2.0.5"

[package.dependencies]
python-dateutil = ">=2.6,<3.0"
pytzdata = ">=2018.3"

[[package]]
category = "main"
description = "Python Lex & Yacc"
name = "ply"
optional = false
python-versions = "*"
version = "3.11"

[[package]]
category = "main"
description = "BLAKE2 hash function extension module"
name = "pyblake2"
optional = false
python-versions = "*"
version = "1.1.2"

[[package]]
category = "main"
description = "Python toolkit for Tezos"
name = "pytezos"
optional = false
python-versions = ">=3.6,<4.0"
version = "2.2.5"

[package.dependencies]
base58 = ">=1.0.3,<2.0.0"
fire = "*"
loguru = "*"
mnemonic = "*"
netstruct = "*"
pendulum = "*"
ply = "*"
pyblake2 = ">=1.1.2,<2.0.0"
requests = ">=2.21.0,<3.0.0"
simplejson = "*"
tqdm = "*"

[[package]]
category = "main"
description = "Extensions to the standard Python datetime module"
name = "python-dateutil"
optional = false
python-versions = "!=3.0.*,!=3.1.*,!=3.2.*,>=2.7"
version = "2.8.1"

[package.dependencies]
six = ">=1.5"

[[package]]
category = "main"
description = "The Olson timezone database for Python."
name = "pytzdata"
optional = false
python-versions = ">=2.7, !=3.0.*, !=3.1.*, !=3.2.*, !=3.3.*"
version = "2019.3"

[[package]]
category = "main"
description = "Python HTTP for Humans."
name = "requests"
optional = false
python-versions = ">=2.7, !=3.0.*, !=3.1.*, !=3.2.*, !=3.3.*, !=3.4.*"
version = "2.22.0"

[package.dependencies]
certifi = ">=2017.4.17"
chardet = ">=3.0.2,<3.1.0"
idna = ">=2.5,<2.9"
urllib3 = ">=1.21.1,<1.25.0 || >1.25.0,<1.25.1 || >1.25.1,<1.26"

[[package]]
category = "main"
description = "Simple, fast, extensible JSON encoder/decoder for Python"
name = "simplejson"
optional = false
python-versions = ">=2.5, !=3.0.*, !=3.1.*, !=3.2.*"
version = "3.17.0"

[[package]]
category = "main"
description = "Python 2 and 3 compatibility utilities"
name = "six"
optional = false
python-versions = ">=2.6, !=3.0.*, !=3.1.*"
version = "1.13.0"

[[package]]
category = "main"
description = "ANSII Color formatting for output in terminal."
name = "termcolor"
optional = false
python-versions = "*"
version = "1.1.0"

[[package]]
category = "main"
description = "Fast, Extensible Progress Meter"
name = "tqdm"
optional = false
python-versions = ">=2.6, !=3.0.*, !=3.1.*"
version = "4.40.2"

[[package]]
category = "main"
description = "HTTP library with thread-safe connection pooling, file post, and more."
name = "urllib3"
optional = false
python-versions = ">=2.7, !=3.0.*, !=3.1.*, !=3.2.*, !=3.3.*, <4"
version = "1.25.7"

[[package]]
category = "main"
description = "A small Python utility to set file creation time on Windows"
marker = "sys_platform == \"win32\""
name = "win32-setctime"
optional = false
python-versions = ">=3.5"
version = "1.0.1"

[[package]]
category = "main"
description = "Yet Another Terminal Spinner"
name = "yaspin"
optional = false
python-versions = "*"
version = "0.15.0"

[metadata]
content-hash = "d71a2014e99f2714d502a8243fd393cb805ff4c3f72843be866e69b2ebda74c1"
python-versions = "^3.6"

[metadata.hashes]
aiocontextvars = ["885daf8261818767d8f7cbd79f9d4482d118f024b6586ef6e67980236a27bfa3", "f027372dc48641f683c559f247bd84962becaacdc9ba711d583c3871fb5652aa"]
base58 = ["1e42993c0628ed4f898c03b522b26af78fb05115732549b21a028bc4633d19ab", "6aa0553e477478993588303c54659d15e3c17ae062508c854a8b752d07c716bd", "9a793c599979c497800eb414c852b80866f28daaed5494703fc129592cc83e60"]
certifi = ["017c25db2a153ce562900032d5bc68e9f191e44e9a0f762f373977de9df1fbb3", "25b64c7da4cd7479594d035c08c2d809eb4aab3a26e5a990ea98cc450c320f1f"]
chardet = ["84ab92ed1c4d4f16916e05906b6b75a6c0fb5db821cc65e70cbd64a3e2a5eaae", "fc323ffcaeaed0e0a02bf4d117757b98aed530d9ed4531e3e15460124c106691"]
colorama = ["7d73d2a99753107a36ac6b455ee49046802e59d9d076ef8e47b61499fa29afff", "e96da0d330793e2cb9485e9ddfd918d456036c7149416295932478192f4436a1"]
conseil = ["a3b2b6de5003c18c66090bdff2e7f27914e79373df716d2314ab3244623d8333", "c87d0cd0104086535d70574ab70acb0a995ddf4889da747b1738e081235f9c0f"]
contextvars = ["f38c908aaa59c14335eeea12abea5f443646216c4e29380d7bf34d2018e2c39e"]
fire = ["6865fefc6981a713d2ce56a2a2c92c56c729269f74a6cddd6f4b94d16ae084c9"]
idna = ["c357b3f628cf53ae2c4c05627ecc484553142ca23264e593d327bcde5e9c3407", "ea8b7f6188e6fa117537c3df7da9fc686d485087abf6ac197f9c46432f7e4a3c"]
immutables = ["0aa055c745510238cbad2f1f709a37a1c9e30a38594de3b385e9876c48a25633", "0f07c58122e1ce70a7165e68e18e795ac5fe94d7fee3e045ffcf6432602026df", "1c2e729aab250be0de0c13fa833241a778b51390ee2650e0457d1e45b318c441", "2c536ff2bafeeff9a7865ea10a17a50f90b80b585e31396c349e8f57b0075bd4", "2de2ec8dde1ca154f811776a8cbbeaea515c3b226c26036eab6484530eea28e0", "422c7d4c75c88057c625e32992248329507bca180b48cfb702b4ef608f581b50", "518f20945c1f600b618fb691922c2ab43b193f04dd2d4d2823220d0202014670", "545186faab9237c102b8bcffd36d71f0b382174c93c501e061de239753cff694", "6b6d8d035e5888baad3db61dfb167476838a63afccecd927c365f228bb55754c", "b268422a5802fbf934152b835329ac0d23b80b558eaee68034d45718edab4a11", "b8fed714f1c84a3242c7184838f5e9889139a22bbdd701a182b7fdc237ca3cbb", "bce27277a2fe91509cca69181971ab509c2ee862e8b37b09f26b64f90e8fe8fb", "c7eb2d15c35c73bb168c002c6ea145b65f40131e10dede54b39db0b72849b280", "d6850578a0dc6530ac19113cfe4ddc13903df635212d498f176fe601a8a5a4a3", "e87bd941cb4dfa35f16e1ff4b2d99a2931452dcc9cfd788dc8fe513f3d38551e", "f5b93248552c9e7198558776da21c9157d3f70649905d7fdc083c2ab2fbc6088"]
jsondiff = ["34941bc431d10aa15828afe1cbb644977a114e75eef6cc74fb58951312326303"]
loguru = ["6e3e8d865201f5a301a4eb7563f4c9e979d80fbe6f6fa919b3e3a7e095106c7b", "d5ddf363b7e0e562652f283f74a89bf35601baf16b70f2cd2736a2f8c6638748"]
mnemonic = ["4e37eb02b2cbd56a0079cabe58a6da93e60e3e4d6e757a586d9f23d96abea931", "a8d78c5100acfa7df9bab6b9db7390831b0e54490934b718ff9efd68f0d731a6"]
netstruct = ["70b6a5c73f5bbc7ab57b019369642adfb34dd8af41b948c400ce95f952b7df9a"]
pendulum = ["1cde6e3c6310fb882c98f373795f807cb2bd6af01f34d2857e6e283b5ee91e09", "485aef2089defee88607d37d5bc238934d0b90993d7bf9ceb36e481af41e9c66", "57801754e05f30e8a7e4d24734c9fad82c6c3ec489151555f0fc66bb32ba6d6d", "7ee344bc87cb425b04717b90d14ffde14c1dd64eaa73060b3772edcf57f3e866", "c460f4d8dc41ec3c4377ac1807678cd72fe5e973cc2943c104ffdeaac32dacb7", "d3078e007315a959989c41cee5cfd63cfeeca21dd3d8295f4bc24199489e9b6c"]
ply = ["00c7c1aaa88358b9c765b6d3000c6eec0ba42abca5351b095321aef446081da3", "096f9b8350b65ebd2fd1346b12452efe5b9607f7482813ffca50c22722a807ce"]
pyblake2 = ["3757f7ad709b0e1b2a6b3919fa79fe3261f166fc375cd521f2be480f8319dde9", "407e02c7f8f36fcec1b7aa114ddca0c1060c598142ea6f6759d03710b946a7e3", "4d47b4a2c1d292b1e460bde1dda4d13aa792ed2ed70fcc263b6bc24632c8e902", "5ccc7eb02edb82fafb8adbb90746af71460fbc29aa0f822526fc976dff83e93f", "8043267fbc0b2f3748c6920591cd0b8b5609dcce60c504c32858aa36206386f2", "982295a87907d50f4723db6bc724660da76b6547826d52160171d54f95b919ac", "baa2190bfe549e36163aa44664d4ee3a9080b236fc5d42f50dc6fd36bbdc749e", "c53417ee0bbe77db852d5fd1036749f03696ebc2265de359fe17418d800196c4", "fbc9fcde75713930bc2a91b149e97be2401f7c9c56d735b46a109210f58d7358"]
pytezos = ["2971aa0065537dc09c3387f9b6049d978938e54f04f653df82cba4930c9f7671", "795e4574dd2d36a1a4a537a53a713d5a93e1c0f1330a4eab6215310ffed177a4"]
python-dateutil = ["73ebfe9dbf22e832286dafa60473e4cd239f8592f699aa5adaf10050e6e1823c", "75bb3f31ea686f1197762692a9ee6a7550b59fc6ca3a1f4b5d7e32fb98e2da2a"]
pytzdata = ["84c52b9a47d097fcd483f047a544979de6c3a86e94c845e3569e9f8acd0fa071", "fac06f7cdfa903188dc4848c655e4adaee67ee0f2fe08e7daf815cf2a761ee5e"]
requests = ["11e007a8a2aa0323f5a921e9e6a2d7e4e67d9877e85773fba9ba6419025cbeb4", "9cf5292fcd0f598c671cfc1e0d7d1a7f13bb8085e9a590f48c010551dc6c4b31"]
simplejson = ["0fe3994207485efb63d8f10a833ff31236ed27e3b23dadd0bf51c9900313f8f2", "17163e643dbf125bb552de17c826b0161c68c970335d270e174363d19e7ea882", "1d1e929cdd15151f3c0b2efe953b3281b2fd5ad5f234f77aca725f28486466f6", "1d346c2c1d7dd79c118f0cc7ec5a1c4127e0c8ffc83e7b13fc5709ff78c9bb84", "1ea59f570b9d4916ae5540a9181f9c978e16863383738b69a70363bc5e63c4cb", "1fbba86098bbfc1f85c5b69dc9a6d009055104354e0d9880bb00b692e30e0078", "229edb079d5dd81bf12da952d4d825bd68d1241381b37d3acf961b384c9934de", "22a7acb81968a7c64eba7526af2cf566e7e2ded1cb5c83f0906b17ff1540f866", "2b4b2b738b3b99819a17feaf118265d0753d5536049ea570b3c43b51c4701e81", "4cf91aab51b02b3327c9d51897960c554f00891f9b31abd8a2f50fd4a0071ce8", "4fd5f79590694ebff8dc980708e1c182d41ce1fda599a12189f0ca96bf41ad70", "5cfd495527f8b85ce21db806567de52d98f5078a8e9427b18e251c68bd573a26", "60aad424e47c5803276e332b2a861ed7a0d46560e8af53790c4c4fb3420c26c2", "7739940d68b200877a15a5ff5149e1599737d6dd55e302625650629350466418", "7cce4bac7e0d66f3a080b80212c2238e063211fe327f98d764c6acbc214497fc", "8027bd5f1e633eb61b8239994e6fc3aba0346e76294beac22a892eb8faa92ba1", "86afc5b5cbd42d706efd33f280fec7bd7e2772ef54e3f34cf6b30777cd19a614", "87d349517b572964350cc1adc5a31b493bbcee284505e81637d0174b2758ba17", "8de378d589eccbc75941e480b4d5b4db66f22e4232f87543b136b1f093fff342", "926bcbef9eb60e798eabda9cd0bbcb0fca70d2779aa0aa56845749d973eb7ad5", "9a126c3a91df5b1403e965ba63b304a50b53d8efc908a8c71545ed72535374a3", "ad8dd3454d0c65c0f92945ac86f7b9efb67fa2040ba1b0189540e984df904378", "d140e9376e7f73c1f9e0a8e3836caf5eec57bbafd99259d56979da05a6356388", "da00675e5e483ead345429d4f1374ab8b949fba4429d60e71ee9d030ced64037", "daaf4d11db982791be74b23ff4729af2c7da79316de0bebf880fa2d60bcc8c5a", "f4b64a1031acf33e281fd9052336d6dad4d35eee3404c95431c8c6bc7a9c0588", "fc046afda0ed8f5295212068266c92991ab1f4a50c6a7144b69364bdee4a0159", "fc9051d249dd5512e541f20330a74592f7a65b2d62e18122ca89bf71f94db748"]
six = ["1f1b7d42e254082a9db6279deae68afb421ceba6158efa6131de7b3003ee93fd", "30f610279e8b2578cab6db20741130331735c781b56053c59c4076da27f06b66"]
termcolor = ["1d6d69ce66211143803fbc56652b41d73b4a400a2891d7bf7a1cdf4c02de613b"]
tqdm = ["7543892c59720e36e4212180274d8f58dde36803bc1f6370fd09afa20b8f5892", "f0ab01cf3ae5673d18f918700c0165e5fad0f26b5ebe4b34f62ead92686b5340"]
urllib3 = ["a8a318824cc77d1fd4b2bec2ded92646630d7fe8619497b142c84a9e6f5a7293", "f3c5fd51747d450d4dcf6f923c81f78f811aab8205fda64b0aba34a4e48b0745"]
win32-setctime = ["568fd636c68350bcc54755213fe01966fe0a6c90b386c0776425944a0382abef", "b47e5023ec7f0b4962950902b15bc56464a380d869f59d27dbf9ab423b23e8f9"]
yaspin = ["0ee4668936d0053de752c9a4963929faa3a832bd0ba823877d27855592dc80aa", "5a938bdc7bab353fd8942d0619d56c6b5159a80997dc1c387a479b39e6dc9391"]
